
Microsoft Visual Studio Solution File, Format Version 12.00
Project("{2150E333-8FDC-42A3-9474-1A3956D46DE8}") = "Session1", "Session1", "{47433143-21CA-4519-A8E5-55581B8E3443}"
EndProject
Project("{FAE04EC0-301F-11D3-BF4B-00C04F79EFBC}") = "Exercise1", "Session1\Exercise1\Exercise1.csproj", "{DD08B114-6D4E-4ABF-90E2-99315E597DD9}"
EndProject
Project("{FAE04EC0-301F-11D3-BF4B-00C04F79EFBC}") = "Execise 2.2", "Session1\Execise 2.2\Execise 2.2.csproj", "{F0BCEE55-31B4-4C09-97EF-FADC4BE38462}"
EndProject
Project("{FAE04EC0-301F-11D3-BF4B-00C04F79EFBC}") = "Exercise 3", "Session1\Exercise 3\Exercise 3.csproj", "{7EDA475B-D2C3-40AD-8766-CE1F1B692EC1}"
EndProject
Project("{FAE04EC0-301F-11D3-BF4B-00C04F79EFBC}") = "MathLib", "Session1\MathLib\MathLib.csproj", "{A4C0F581-6468-48A2-A78B-646C7221263A}"
EndProject
Project("{FAE04EC0-301F-11D3-BF4B-00C04F79EFBC}") = "Challenge1", "Session1\Challenge1\Challenge1.csproj", "{9319B445-6056-433B-A8CF-73BFFDA8159D}"
EndProject
Project("{FAE04EC0-301F-11D3-BF4B-00C04F79EFBC}") = "Challenge2", "Session1\Challenge2\Challenge2.csproj", "{58A62BE8-0BAA-46A7-AB06-BD45591640D2}"
EndProject
Project("{FAE04EC0-301F-11D3-BF4B-00C04F79EFBC}") = "Challenge3", "Session1\Challenge3\Challenge3.csproj", "{6ECEFFC9-7265-41D8-94C3-E43008F593F5}"
EndProject
Project("{FAE04EC0-301F-11D3-BF4B-00C04F79EFBC}") = "Challenge4", "Session1\Challenge4\Challenge4.csproj", "{8E32DF77-7520-4493-8E60-A67790AC3B82}"
EndProject
Project("{FAE04EC0-301F-11D3-BF4B-00C04F79EFBC}") = "Challenge5", "Session1\Challenge5\Challenge5.csproj", "{BCA10045-7899-46EB-B22C-9C71C5FC06A6}"
EndProject
Project("{2150E333-8FDC-42A3-9474-1A3956D46DE8}") = "Session2", "Session2", "{A475945D-31C3-43AB-AB5E-09A6459142E9}"
EndProject
Project("{FAE04EC0-301F-11D3-BF4B-00C04F79EFBC}") = "Exercise1", "Exercise1\Exercise1.csproj", "{B77C4F12-6384-4695-95EF-4A5B7DC921C1}"
EndProject
Project("{FAE04EC0-301F-11D3-BF4B-00C04F79EFBC}") = "Exercise2", "Exercise2\Exercise2.csproj", "{26A1CA0B-4180-4F17-A120-FA1830B24DF1}"
EndProject
Project("{FAE04EC0-301F-11D3-BF4B-00C04F79EFBC}") = "Exercise3", "Exercise3\Exercise3.csproj", "{15A6ECA0-A82A-498F-BB06-B529C913CAEE}"
EndProject
Project("{FAE04EC0-301F-11D3-BF4B-00C04F79EFBC}") = "Exercise4", "Exercise4\Exercise4.csproj", "{70D6B5AB-ACE2-491F-B7D1-8E9090133959}"
EndProject
Project("{FAE04EC0-301F-11D3-BF4B-00C04F79EFBC}") = "Exercise5", "Exercise5\Exercise5.csproj", "{922EEF3C-DBD5-4399-968F-7521D45EBC27}"
EndProject
Project("{FAE04EC0-301F-11D3-BF4B-00C04F79EFBC}") = "Exercise6", "Exercise6\Exercise6.csproj", "{E14DD793-B5C1-4AD2-A449-11EE60A73220}"
EndProject
Project("{2150E333-8FDC-42A3-9474-1A3956D46DE8}") = "Session3", "Session3", "{7FDC82D8-31AD-4A3C-9D67-4E099489F0BE}"
EndProject
Project("{FAE04EC0-301F-11D3-BF4B-00C04F79EFBC}") = "Exercise1.1", "Session3\Exercise1.1\Exercise1.1.csproj", "{77C87D21-F6D6-444E-BBA8-9549F3744037}"
EndProject
Project("{FAE04EC0-301F-11D3-BF4B-00C04F79EFBC}") = "Exercise2.1", "Session3\Exercise2.1\Exercise2.1.csproj", "{107FF407-1E69-4749-804F-CD833D8FD72E}"
EndProject
Project("{FAE04EC0-301F-11D3-BF4B-00C04F79EFBC}") = "Exercise3.1 Server", "Session3\Exercise3.1 Server\Exercise3.1 Server.csproj", "{A38E691A-4E0E-49E6-89F0-5B5A37D2F8F5}"
EndProject
Project("{FAE04EC0-301F-11D3-BF4B-00C04F79EFBC}") = "Exercise3.1 Client", "Session3\Exercise3.1 Client\Exercise3.1 Client.csproj", "{47F68854-7DD6-4CCE-AD03-85A5ECC5400F}"
EndProject
Project("{2150E333-8FDC-42A3-9474-1A3956D46DE8}") = "Session4", "Session4", "{7D628B8D-8039-403F-88D8-D06FDD3BE329}"
EndProject
Project("{FAE04EC0-301F-11D3-BF4B-00C04F79EFBC}") = "FirstBlazor", "FirstBlazor\FirstBlazor.csproj", "{7C7766A0-21A8-496E-92B5-307FA1A24624}"
EndProject
Project("{FAE04EC0-301F-11D3-BF4B-00C04F79EFBC}") = "AdvancedTodo", "AdvancedTodo\AdvancedTodo.csproj", "{645C965A-D006-4763-9702-A756292A75E8}"
EndProject
Project("{FAE04EC0-301F-11D3-BF4B-00C04F79EFBC}") = "FourthCoffee", "FourthCoffee\FourthCoffee.csproj", "{05EC5C24-72BC-46ED-B418-9799ED816D7A}"
EndProject
Project("{2150E333-8FDC-42A3-9474-1A3956D46DE8}") = "Session5", "Session5", "{21D73CBC-D68C-4CF8-84AE-701DCC1409E3}"
EndProject
Project("{FAE04EC0-301F-11D3-BF4B-00C04F79EFBC}") = "SimpleLogn", "SimpleLogn\SimpleLogn.csproj", "{EFFDA1B4-0535-4716-B952-81E9CAAE6A82}"
EndProject
Project("{2150E333-8FDC-42A3-9474-1A3956D46DE8}") = "Assignment1", "Assignment1", "{8A56895B-8DBF-4C78-BC91-04AD017B96CF}"
EndProject
Project("{FAE04EC0-301F-11D3-BF4B-00C04F79EFBC}") = "Forsøg2", "Assignment1\Forsøg2\Forsøg2.csproj", "{014393D6-145B-4090-A48C-288B9C558059}"
EndProject
Global
	GlobalSection(SolutionConfigurationPlatforms) = preSolution
		Debug|Any CPU = Debug|Any CPU
		Release|Any CPU = Release|Any CPU
	EndGlobalSection
	GlobalSection(ProjectConfigurationPlatforms) = postSolution
		{DD08B114-6D4E-4ABF-90E2-99315E597DD9}.Debug|Any CPU.ActiveCfg = Debug|Any CPU
		{DD08B114-6D4E-4ABF-90E2-99315E597DD9}.Debug|Any CPU.Build.0 = Debug|Any CPU
		{DD08B114-6D4E-4ABF-90E2-99315E597DD9}.Release|Any CPU.ActiveCfg = Release|Any CPU
		{DD08B114-6D4E-4ABF-90E2-99315E597DD9}.Release|Any CPU.Build.0 = Release|Any CPU
		{F0BCEE55-31B4-4C09-97EF-FADC4BE38462}.Debug|Any CPU.ActiveCfg = Debug|Any CPU
		{F0BCEE55-31B4-4C09-97EF-FADC4BE38462}.Debug|Any CPU.Build.0 = Debug|Any CPU
		{F0BCEE55-31B4-4C09-97EF-FADC4BE38462}.Release|Any CPU.ActiveCfg = Release|Any CPU
		{F0BCEE55-31B4-4C09-97EF-FADC4BE38462}.Release|Any CPU.Build.0 = Release|Any CPU
		{7EDA475B-D2C3-40AD-8766-CE1F1B692EC1}.Debug|Any CPU.ActiveCfg = Debug|Any CPU
		{7EDA475B-D2C3-40AD-8766-CE1F1B692EC1}.Debug|Any CPU.Build.0 = Debug|Any CPU
		{7EDA475B-D2C3-40AD-8766-CE1F1B692EC1}.Release|Any CPU.ActiveCfg = Release|Any CPU
		{7EDA475B-D2C3-40AD-8766-CE1F1B692EC1}.Release|Any CPU.Build.0 = Release|Any CPU
		{A4C0F581-6468-48A2-A78B-646C7221263A}.Debug|Any CPU.ActiveCfg = Debug|Any CPU
		{A4C0F581-6468-48A2-A78B-646C7221263A}.Debug|Any CPU.Build.0 = Debug|Any CPU
		{A4C0F581-6468-48A2-A78B-646C7221263A}.Release|Any CPU.ActiveCfg = Release|Any CPU
		{A4C0F581-6468-48A2-A78B-646C7221263A}.Release|Any CPU.Build.0 = Release|Any CPU
		{9319B445-6056-433B-A8CF-73BFFDA8159D}.Debug|Any CPU.ActiveCfg = Debug|Any CPU
		{9319B445-6056-433B-A8CF-73BFFDA8159D}.Debug|Any CPU.Build.0 = Debug|Any CPU
		{9319B445-6056-433B-A8CF-73BFFDA8159D}.Release|Any CPU.ActiveCfg = Release|Any CPU
		{9319B445-6056-433B-A8CF-73BFFDA8159D}.Release|Any CPU.Build.0 = Release|Any CPU
		{58A62BE8-0BAA-46A7-AB06-BD45591640D2}.Debug|Any CPU.ActiveCfg = Debug|Any CPU
		{58A62BE8-0BAA-46A7-AB06-BD45591640D2}.Debug|Any CPU.Build.0 = Debug|Any CPU
		{58A62BE8-0BAA-46A7-AB06-BD45591640D2}.Release|Any CPU.ActiveCfg = Release|Any CPU
		{58A62BE8-0BAA-46A7-AB06-BD45591640D2}.Release|Any CPU.Build.0 = Release|Any CPU
		{6ECEFFC9-7265-41D8-94C3-E43008F593F5}.Debug|Any CPU.ActiveCfg = Debug|Any CPU
		{6ECEFFC9-7265-41D8-94C3-E43008F593F5}.Debug|Any CPU.Build.0 = Debug|Any CPU
		{6ECEFFC9-7265-41D8-94C3-E43008F593F5}.Release|Any CPU.ActiveCfg = Release|Any CPU
		{6ECEFFC9-7265-41D8-94C3-E43008F593F5}.Release|Any CPU.Build.0 = Release|Any CPU
		{8E32DF77-7520-4493-8E60-A67790AC3B82}.Debug|Any CPU.ActiveCfg = Debug|Any CPU
		{8E32DF77-7520-4493-8E60-A67790AC3B82}.Debug|Any CPU.Build.0 = Debug|Any CPU
		{8E32DF77-7520-4493-8E60-A67790AC3B82}.Release|Any CPU.ActiveCfg = Release|Any CPU
		{8E32DF77-7520-4493-8E60-A67790AC3B82}.Release|Any CPU.Build.0 = Release|Any CPU
		{BCA10045-7899-46EB-B22C-9C71C5FC06A6}.Debug|Any CPU.ActiveCfg = Debug|Any CPU
		{BCA10045-7899-46EB-B22C-9C71C5FC06A6}.Debug|Any CPU.Build.0 = Debug|Any CPU
		{BCA10045-7899-46EB-B22C-9C71C5FC06A6}.Release|Any CPU.ActiveCfg = Release|Any CPU
		{BCA10045-7899-46EB-B22C-9C71C5FC06A6}.Release|Any CPU.Build.0 = Release|Any CPU
		{B77C4F12-6384-4695-95EF-4A5B7DC921C1}.Debug|Any CPU.ActiveCfg = Debug|Any CPU
		{B77C4F12-6384-4695-95EF-4A5B7DC921C1}.Debug|Any CPU.Build.0 = Debug|Any CPU
		{B77C4F12-6384-4695-95EF-4A5B7DC921C1}.Release|Any CPU.ActiveCfg = Release|Any CPU
		{B77C4F12-6384-4695-95EF-4A5B7DC921C1}.Release|Any CPU.Build.0 = Release|Any CPU
		{26A1CA0B-4180-4F17-A120-FA1830B24DF1}.Debug|Any CPU.ActiveCfg = Debug|Any CPU
		{26A1CA0B-4180-4F17-A120-FA1830B24DF1}.Debug|Any CPU.Build.0 = Debug|Any CPU
		{26A1CA0B-4180-4F17-A120-FA1830B24DF1}.Release|Any CPU.ActiveCfg = Release|Any CPU
		{26A1CA0B-4180-4F17-A120-FA1830B24DF1}.Release|Any CPU.Build.0 = Release|Any CPU
		{15A6ECA0-A82A-498F-BB06-B529C913CAEE}.Debug|Any CPU.ActiveCfg = Debug|Any CPU
		{15A6ECA0-A82A-498F-BB06-B529C913CAEE}.Debug|Any CPU.Build.0 = Debug|Any CPU
		{15A6ECA0-A82A-498F-BB06-B529C913CAEE}.Release|Any CPU.ActiveCfg = Release|Any CPU
		{15A6ECA0-A82A-498F-BB06-B529C913CAEE}.Release|Any CPU.Build.0 = Release|Any CPU
		{70D6B5AB-ACE2-491F-B7D1-8E9090133959}.Debug|Any CPU.ActiveCfg = Debug|Any CPU
		{70D6B5AB-ACE2-491F-B7D1-8E9090133959}.Debug|Any CPU.Build.0 = Debug|Any CPU
		{70D6B5AB-ACE2-491F-B7D1-8E9090133959}.Release|Any CPU.ActiveCfg = Release|Any CPU
		{70D6B5AB-ACE2-491F-B7D1-8E9090133959}.Release|Any CPU.Build.0 = Release|Any CPU
		{922EEF3C-DBD5-4399-968F-7521D45EBC27}.Debug|Any CPU.ActiveCfg = Debug|Any CPU
		{922EEF3C-DBD5-4399-968F-7521D45EBC27}.Debug|Any CPU.Build.0 = Debug|Any CPU
		{922EEF3C-DBD5-4399-968F-7521D45EBC27}.Release|Any CPU.ActiveCfg = Release|Any CPU
		{922EEF3C-DBD5-4399-968F-7521D45EBC27}.Release|Any CPU.Build.0 = Release|Any CPU
		{E14DD793-B5C1-4AD2-A449-11EE60A73220}.Debug|Any CPU.ActiveCfg = Debug|Any CPU
		{E14DD793-B5C1-4AD2-A449-11EE60A73220}.Debug|Any CPU.Build.0 = Debug|Any CPU
		{E14DD793-B5C1-4AD2-A449-11EE60A73220}.Release|Any CPU.ActiveCfg = Release|Any CPU
		{E14DD793-B5C1-4AD2-A449-11EE60A73220}.Release|Any CPU.Build.0 = Release|Any CPU
		{77C87D21-F6D6-444E-BBA8-9549F3744037}.Debug|Any CPU.ActiveCfg = Debug|Any CPU
		{77C87D21-F6D6-444E-BBA8-9549F3744037}.Debug|Any CPU.Build.0 = Debug|Any CPU
		{77C87D21-F6D6-444E-BBA8-9549F3744037}.Release|Any CPU.ActiveCfg = Release|Any CPU
		{77C87D21-F6D6-444E-BBA8-9549F3744037}.Release|Any CPU.Build.0 = Release|Any CPU
		{107FF407-1E69-4749-804F-CD833D8FD72E}.Debug|Any CPU.ActiveCfg = Debug|Any CPU
		{107FF407-1E69-4749-804F-CD833D8FD72E}.Debug|Any CPU.Build.0 = Debug|Any CPU
		{107FF407-1E69-4749-804F-CD833D8FD72E}.Release|Any CPU.ActiveCfg = Release|Any CPU
		{107FF407-1E69-4749-804F-CD833D8FD72E}.Release|Any CPU.Build.0 = Release|Any CPU
		{A38E691A-4E0E-49E6-89F0-5B5A37D2F8F5}.Debug|Any CPU.ActiveCfg = Debug|Any CPU
		{A38E691A-4E0E-49E6-89F0-5B5A37D2F8F5}.Debug|Any CPU.Build.0 = Debug|Any CPU
		{A38E691A-4E0E-49E6-89F0-5B5A37D2F8F5}.Release|Any CPU.ActiveCfg = Release|Any CPU
		{A38E691A-4E0E-49E6-89F0-5B5A37D2F8F5}.Release|Any CPU.Build.0 = Release|Any CPU
		{47F68854-7DD6-4CCE-AD03-85A5ECC5400F}.Debug|Any CPU.ActiveCfg = Debug|Any CPU
		{47F68854-7DD6-4CCE-AD03-85A5ECC5400F}.Debug|Any CPU.Build.0 = Debug|Any CPU
		{47F68854-7DD6-4CCE-AD03-85A5ECC5400F}.Release|Any CPU.ActiveCfg = Release|Any CPU
		{47F68854-7DD6-4CCE-AD03-85A5ECC5400F}.Release|Any CPU.Build.0 = Release|Any CPU
		{7C7766A0-21A8-496E-92B5-307FA1A24624}.Debug|Any CPU.ActiveCfg = Debug|Any CPU
		{7C7766A0-21A8-496E-92B5-307FA1A24624}.Debug|Any CPU.Build.0 = Debug|Any CPU
		{7C7766A0-21A8-496E-92B5-307FA1A24624}.Release|Any CPU.ActiveCfg = Release|Any CPU
		{7C7766A0-21A8-496E-92B5-307FA1A24624}.Release|Any CPU.Build.0 = Release|Any CPU
		{645C965A-D006-4763-9702-A756292A75E8}.Debug|Any CPU.ActiveCfg = Debug|Any CPU
		{645C965A-D006-4763-9702-A756292A75E8}.Debug|Any CPU.Build.0 = Debug|Any CPU
		{645C965A-D006-4763-9702-A756292A75E8}.Release|Any CPU.ActiveCfg = Release|Any CPU
		{645C965A-D006-4763-9702-A756292A75E8}.Release|Any CPU.Build.0 = Release|Any CPU
		{05EC5C24-72BC-46ED-B418-9799ED816D7A}.Debug|Any CPU.ActiveCfg = Debug|Any CPU
		{05EC5C24-72BC-46ED-B418-9799ED816D7A}.Debug|Any CPU.Build.0 = Debug|Any CPU
		{05EC5C24-72BC-46ED-B418-9799ED816D7A}.Release|Any CPU.ActiveCfg = Release|Any CPU
		{05EC5C24-72BC-46ED-B418-9799ED816D7A}.Release|Any CPU.Build.0 = Release|Any CPU
		{EFFDA1B4-0535-4716-B952-81E9CAAE6A82}.Debug|Any CPU.ActiveCfg = Debug|Any CPU
		{EFFDA1B4-0535-4716-B952-81E9CAAE6A82}.Debug|Any CPU.Build.0 = Debug|Any CPU
		{EFFDA1B4-0535-4716-B952-81E9CAAE6A82}.Release|Any CPU.ActiveCfg = Release|Any CPU
		{EFFDA1B4-0535-4716-B952-81E9CAAE6A82}.Release|Any CPU.Build.0 = Release|Any CPU
		{014393D6-145B-4090-A48C-288B9C558059}.Debug|Any CPU.ActiveCfg = Debug|Any CPU
		{014393D6-145B-4090-A48C-288B9C558059}.Debug|Any CPU.Build.0 = Debug|Any CPU
		{014393D6-145B-4090-A48C-288B9C558059}.Release|Any CPU.ActiveCfg = Release|Any CPU
		{014393D6-145B-4090-A48C-288B9C558059}.Release|Any CPU.Build.0 = Release|Any CPU
	EndGlobalSection
	GlobalSection(NestedProjects) = preSolution
		{DD08B114-6D4E-4ABF-90E2-99315E597DD9} = {47433143-21CA-4519-A8E5-55581B8E3443}
		{F0BCEE55-31B4-4C09-97EF-FADC4BE38462} = {47433143-21CA-4519-A8E5-55581B8E3443}
		{7EDA475B-D2C3-40AD-8766-CE1F1B692EC1} = {47433143-21CA-4519-A8E5-55581B8E3443}
		{A4C0F581-6468-48A2-A78B-646C7221263A} = {47433143-21CA-4519-A8E5-55581B8E3443}
		{9319B445-6056-433B-A8CF-73BFFDA8159D} = {47433143-21CA-4519-A8E5-55581B8E3443}
		{58A62BE8-0BAA-46A7-AB06-BD45591640D2} = {47433143-21CA-4519-A8E5-55581B8E3443}
		{6ECEFFC9-7265-41D8-94C3-E43008F593F5} = {47433143-21CA-4519-A8E5-55581B8E3443}
		{8E32DF77-7520-4493-8E60-A67790AC3B82} = {47433143-21CA-4519-A8E5-55581B8E3443}
		{BCA10045-7899-46EB-B22C-9C71C5FC06A6} = {47433143-21CA-4519-A8E5-55581B8E3443}
		{B77C4F12-6384-4695-95EF-4A5B7DC921C1} = {A475945D-31C3-43AB-AB5E-09A6459142E9}
		{26A1CA0B-4180-4F17-A120-FA1830B24DF1} = {A475945D-31C3-43AB-AB5E-09A6459142E9}
		{15A6ECA0-A82A-498F-BB06-B529C913CAEE} = {A475945D-31C3-43AB-AB5E-09A6459142E9}
		{70D6B5AB-ACE2-491F-B7D1-8E9090133959} = {A475945D-31C3-43AB-AB5E-09A6459142E9}
		{922EEF3C-DBD5-4399-968F-7521D45EBC27} = {A475945D-31C3-43AB-AB5E-09A6459142E9}
		{E14DD793-B5C1-4AD2-A449-11EE60A73220} = {A475945D-31C3-43AB-AB5E-09A6459142E9}
		{77C87D21-F6D6-444E-BBA8-9549F3744037} = {7FDC82D8-31AD-4A3C-9D67-4E099489F0BE}
		{107FF407-1E69-4749-804F-CD833D8FD72E} = {7FDC82D8-31AD-4A3C-9D67-4E099489F0BE}
		{A38E691A-4E0E-49E6-89F0-5B5A37D2F8F5} = {7FDC82D8-31AD-4A3C-9D67-4E099489F0BE}
		{47F68854-7DD6-4CCE-AD03-85A5ECC5400F} = {7FDC82D8-31AD-4A3C-9D67-4E099489F0BE}
		{7C7766A0-21A8-496E-92B5-307FA1A24624} = {7D628B8D-8039-403F-88D8-D06FDD3BE329}
		{645C965A-D006-4763-9702-A756292A75E8} = {7D628B8D-8039-403F-88D8-D06FDD3BE329}
		{05EC5C24-72BC-46ED-B418-9799ED816D7A} = {7D628B8D-8039-403F-88D8-D06FDD3BE329}
		{EFFDA1B4-0535-4716-B952-81E9CAAE6A82} = {21D73CBC-D68C-4CF8-84AE-701DCC1409E3}
		{014393D6-145B-4090-A48C-288B9C558059} = {8A56895B-8DBF-4C78-BC91-04AD017B96CF}
	EndGlobalSection
EndGlobal
